
Microsoft Visual Studio Solution File, Format Version 12.00
# Visual Studio 15
VisualStudioVersion = 15.0.28307.645
MinimumVisualStudioVersion = 10.0.40219.1
Project("{FAE04EC0-301F-11D3-BF4B-00C04F79EFBC}") = "ParkBulvarProject", "ParkBulvarProject\ParkBulvarProject.csproj", "{358FC9B8-B513-433A-9A3E-48905D7F5E82}"
EndProject
Global
	GlobalSection(SolutionConfigurationPlatforms) = preSolution
		Debug|Any CPU = Debug|Any CPU
		Release|Any CPU = Release|Any CPU
	EndGlobalSection
	GlobalSection(ProjectConfigurationPlatforms) = postSolution
		{358FC9B8-B513-433A-9A3E-48905D7F5E82}.Debug|Any CPU.ActiveCfg = Debug|Any CPU
		{358FC9B8-B513-433A-9A3E-48905D7F5E82}.Debug|Any CPU.Build.0 = Debug|Any CPU
		{358FC9B8-B513-433A-9A3E-48905D7F5E82}.Release|Any CPU.ActiveCfg = Release|Any CPU
		{358FC9B8-B513-433A-9A3E-48905D7F5E82}.Release|Any CPU.Build.0 = Release|Any CPU
	EndGlobalSection
	GlobalSection(SolutionProperties) = preSolution
		HideSolutionNode = FALSE
	EndGlobalSection
	GlobalSection(ExtensibilityGlobals) = postSolution
		SolutionGuid = {3B57D31B-DFEC-4D8F-8D38-6C0D21C2B3C5}
	EndGlobalSection
EndGlobal
